
Microsoft Visual Studio Solution File, Format Version 12.00
# Visual Studio Version 16
VisualStudioVersion = 16.0.32802.440
MinimumVisualStudioVersion = 10.0.40219.1
Project("{FAE04EC0-301F-11D3-BF4B-00C04F79EFBC}") = "3.4_20CS1115", "3.4_20CS1115.csproj", "{6BBCD7D9-D11A-4604-A392-D1C505F53EE0}"
EndProject
Global
	GlobalSection(SolutionConfigurationPlatforms) = preSolution
		Debug|Any CPU = Debug|Any CPU
		Release|Any CPU = Release|Any CPU
	EndGlobalSection
	GlobalSection(ProjectConfigurationPlatforms) = postSolution
		{6BBCD7D9-D11A-4604-A392-D1C505F53EE0}.Debug|Any CPU.ActiveCfg = Debug|Any CPU
		{6BBCD7D9-D11A-4604-A392-D1C505F53EE0}.Debug|Any CPU.Build.0 = Debug|Any CPU
		{6BBCD7D9-D11A-4604-A392-D1C505F53EE0}.Release|Any CPU.ActiveCfg = Release|Any CPU
		{6BBCD7D9-D11A-4604-A392-D1C505F53EE0}.Release|Any CPU.Build.0 = Release|Any CPU
	EndGlobalSection
	GlobalSection(SolutionProperties) = preSolution
		HideSolutionNode = FALSE
	EndGlobalSection
	GlobalSection(ExtensibilityGlobals) = postSolution
		SolutionGuid = {DA2EF234-B701-41B3-AB80-5B4075991983}
	EndGlobalSection
EndGlobal
